{
    "_meta": {
        "hash": {
            "sha256": "fd08720466c72457b05012aa361e71db6563e0835244415198c918bf64362aff"
        },
        "requires": {
            "python_version": "3.6"
        },
        "sources": [
            {
                "url": "https://pypi.python.org/simple",
                "verify_ssl": true
            }
        ]
    },
    "default": {
        "certifi": {
            "version": "==2017.7.27.1"
        },
        "chardet": {
            "version": "==3.0.4"
        },
        "click": {
            "version": "==6.7"
        },
        "idna": {
            "version": "==2.6"
        },
        "requests": {
            "version": "==2.18.4"
        },
        "urllib3": {
            "version": "==1.22"
        },
        "wget": {
            "version": "==3.2"
        }
    },
    "develop": {}
}
